
Microsoft Visual Studio Solution File, Format Version 12.00
Project("{2150E333-8FDC-42A3-9474-1A3956D46DE8}") = "doc", "doc", "{2E561E17-B7E1-46B8-99AA-C0B2009394A3}"
EndProject
Project("{2150E333-8FDC-42A3-9474-1A3956D46DE8}") = "src", "src", "{93771134-16DB-4021-9B00-F4AECC0E02F1}"
EndProject
Project("{FAE04EC0-301F-11D3-BF4B-00C04F79EFBC}") = "EBOS.Audit.Application", "src\EBOS.Audit.Application\EBOS.Audit.Application.csproj", "{EC410CBB-15AB-4049-BBAA-ECD4145C7193}"
EndProject
Project("{FAE04EC0-301F-11D3-BF4B-00C04F79EFBC}") = "EBOS.Audit.Domain", "src\EBOS.Audit.Domain\EBOS.Audit.Domain.csproj", "{59A8C796-0B2C-4745-81EB-6EB1A26BE197}"
EndProject
Project("{FAE04EC0-301F-11D3-BF4B-00C04F79EFBC}") = "EBOS.Audit.Infrastructure", "src\EBOS.Audit.Infrastructure\EBOS.Audit.Infrastructure.csproj", "{B8FC0BE5-563E-49DA-99D7-41DABD2939A9}"
EndProject
Project("{FAE04EC0-301F-11D3-BF4B-00C04F79EFBC}") = "EBOS.Audit.API", "src\EBOS.Audit.API\EBOS.Audit.API.csproj", "{2124964B-4CE2-4F8C-8382-B93EE261DC3E}"
EndProject
Global
	GlobalSection(SolutionConfigurationPlatforms) = preSolution
		Debug|Any CPU = Debug|Any CPU
		Release|Any CPU = Release|Any CPU
	EndGlobalSection
	GlobalSection(NestedProjects) = preSolution
		{EC410CBB-15AB-4049-BBAA-ECD4145C7193} = {93771134-16DB-4021-9B00-F4AECC0E02F1}
		{59A8C796-0B2C-4745-81EB-6EB1A26BE197} = {93771134-16DB-4021-9B00-F4AECC0E02F1}
		{B8FC0BE5-563E-49DA-99D7-41DABD2939A9} = {93771134-16DB-4021-9B00-F4AECC0E02F1}
		{2124964B-4CE2-4F8C-8382-B93EE261DC3E} = {93771134-16DB-4021-9B00-F4AECC0E02F1}
	EndGlobalSection
	GlobalSection(ProjectConfigurationPlatforms) = postSolution
		{EC410CBB-15AB-4049-BBAA-ECD4145C7193}.Debug|Any CPU.ActiveCfg = Debug|Any CPU
		{EC410CBB-15AB-4049-BBAA-ECD4145C7193}.Debug|Any CPU.Build.0 = Debug|Any CPU
		{EC410CBB-15AB-4049-BBAA-ECD4145C7193}.Release|Any CPU.ActiveCfg = Release|Any CPU
		{EC410CBB-15AB-4049-BBAA-ECD4145C7193}.Release|Any CPU.Build.0 = Release|Any CPU
		{59A8C796-0B2C-4745-81EB-6EB1A26BE197}.Debug|Any CPU.ActiveCfg = Debug|Any CPU
		{59A8C796-0B2C-4745-81EB-6EB1A26BE197}.Debug|Any CPU.Build.0 = Debug|Any CPU
		{59A8C796-0B2C-4745-81EB-6EB1A26BE197}.Release|Any CPU.ActiveCfg = Release|Any CPU
		{59A8C796-0B2C-4745-81EB-6EB1A26BE197}.Release|Any CPU.Build.0 = Release|Any CPU
		{B8FC0BE5-563E-49DA-99D7-41DABD2939A9}.Debug|Any CPU.ActiveCfg = Debug|Any CPU
		{B8FC0BE5-563E-49DA-99D7-41DABD2939A9}.Debug|Any CPU.Build.0 = Debug|Any CPU
		{B8FC0BE5-563E-49DA-99D7-41DABD2939A9}.Release|Any CPU.ActiveCfg = Release|Any CPU
		{B8FC0BE5-563E-49DA-99D7-41DABD2939A9}.Release|Any CPU.Build.0 = Release|Any CPU
		{2124964B-4CE2-4F8C-8382-B93EE261DC3E}.Debug|Any CPU.ActiveCfg = Debug|Any CPU
		{2124964B-4CE2-4F8C-8382-B93EE261DC3E}.Debug|Any CPU.Build.0 = Debug|Any CPU
		{2124964B-4CE2-4F8C-8382-B93EE261DC3E}.Release|Any CPU.ActiveCfg = Release|Any CPU
		{2124964B-4CE2-4F8C-8382-B93EE261DC3E}.Release|Any CPU.Build.0 = Release|Any CPU
	EndGlobalSection
EndGlobal
